
Microsoft Visual Studio Solution File, Format Version 12.00
# Visual Studio Version 17
VisualStudioVersion = 17.14.36603.0
MinimumVisualStudioVersion = 10.0.40219.1
Project("{FAE04EC0-301F-11D3-BF4B-00C04F79EFBC}") = "ThreadTestConsole", "ThreadTestConsole\ThreadTestConsole.csproj", "{05ED9C81-133A-410D-9B42-5AB586F83F16}"
EndProject
Project("{FAE04EC0-301F-11D3-BF4B-00C04F79EFBC}") = "SingletonApp", "SingletonApp\SingletonApp.csproj", "{25F784E7-BF44-4FF8-8DCB-B63A2E6301EE}"
EndProject
Project("{FAE04EC0-301F-11D3-BF4B-00C04F79EFBC}") = "FactoryPatternApp", "FactoryPatternApp\FactoryPatternApp.csproj", "{41F9B05D-7EE9-42B6-8779-69E984FF2F5D}"
EndProject
Project("{FAE04EC0-301F-11D3-BF4B-00C04F79EFBC}") = "EventConsoleApp", "EventConsoleApp\EventConsoleApp.csproj", "{2AB90364-7B4E-4EA9-A50B-0945E0708C3B}"
EndProject
Project("{FAE04EC0-301F-11D3-BF4B-00C04F79EFBC}") = "WpfLocationApp", "WpfLocationApp\WpfLocationApp.csproj", "{D263E217-267B-4C86-830B-D67E9AA16862}"
EndProject
Project("{FAE04EC0-301F-11D3-BF4B-00C04F79EFBC}") = "BenchmarkTestApp", "BenchmarkTestApp\BenchmarkTestApp.csproj", "{A647B009-D220-428E-95D5-42DCB5B60E8A}"
EndProject
Project("{FAE04EC0-301F-11D3-BF4B-00C04F79EFBC}") = "EnumCovertToJsonApp", "EnumCovertToJsonApp\EnumCovertToJsonApp.csproj", "{897513F2-628B-4438-8DDE-CDA424BDC692}"
EndProject
Project("{FAE04EC0-301F-11D3-BF4B-00C04F79EFBC}") = "LocationSdkApp", "LocationSdkApp\LocationSdkApp.csproj", "{B6A54F1B-064B-436D-92FC-8D6831DE50AE}"
EndProject
Project("{FAE04EC0-301F-11D3-BF4B-00C04F79EFBC}") = "ExpressionTreeApp", "ExpressionTreeApp\ExpressionTreeApp.csproj", "{A853ED0B-8C7D-488B-9A73-C5DB3F3CD4E8}"
EndProject
Global
	GlobalSection(SolutionConfigurationPlatforms) = preSolution
		Debug|Any CPU = Debug|Any CPU
		Release|Any CPU = Release|Any CPU
	EndGlobalSection
	GlobalSection(ProjectConfigurationPlatforms) = postSolution
		{05ED9C81-133A-410D-9B42-5AB586F83F16}.Debug|Any CPU.ActiveCfg = Debug|Any CPU
		{05ED9C81-133A-410D-9B42-5AB586F83F16}.Debug|Any CPU.Build.0 = Debug|Any CPU
		{05ED9C81-133A-410D-9B42-5AB586F83F16}.Release|Any CPU.ActiveCfg = Release|Any CPU
		{05ED9C81-133A-410D-9B42-5AB586F83F16}.Release|Any CPU.Build.0 = Release|Any CPU
		{25F784E7-BF44-4FF8-8DCB-B63A2E6301EE}.Debug|Any CPU.ActiveCfg = Debug|Any CPU
		{25F784E7-BF44-4FF8-8DCB-B63A2E6301EE}.Debug|Any CPU.Build.0 = Debug|Any CPU
		{25F784E7-BF44-4FF8-8DCB-B63A2E6301EE}.Release|Any CPU.ActiveCfg = Release|Any CPU
		{25F784E7-BF44-4FF8-8DCB-B63A2E6301EE}.Release|Any CPU.Build.0 = Release|Any CPU
		{41F9B05D-7EE9-42B6-8779-69E984FF2F5D}.Debug|Any CPU.ActiveCfg = Debug|Any CPU
		{41F9B05D-7EE9-42B6-8779-69E984FF2F5D}.Debug|Any CPU.Build.0 = Debug|Any CPU
		{41F9B05D-7EE9-42B6-8779-69E984FF2F5D}.Release|Any CPU.ActiveCfg = Release|Any CPU
		{41F9B05D-7EE9-42B6-8779-69E984FF2F5D}.Release|Any CPU.Build.0 = Release|Any CPU
		{2AB90364-7B4E-4EA9-A50B-0945E0708C3B}.Debug|Any CPU.ActiveCfg = Debug|Any CPU
		{2AB90364-7B4E-4EA9-A50B-0945E0708C3B}.Debug|Any CPU.Build.0 = Debug|Any CPU
		{2AB90364-7B4E-4EA9-A50B-0945E0708C3B}.Release|Any CPU.ActiveCfg = Release|Any CPU
		{2AB90364-7B4E-4EA9-A50B-0945E0708C3B}.Release|Any CPU.Build.0 = Release|Any CPU
		{D263E217-267B-4C86-830B-D67E9AA16862}.Debug|Any CPU.ActiveCfg = Debug|Any CPU
		{D263E217-267B-4C86-830B-D67E9AA16862}.Debug|Any CPU.Build.0 = Debug|Any CPU
		{D263E217-267B-4C86-830B-D67E9AA16862}.Release|Any CPU.ActiveCfg = Release|Any CPU
		{D263E217-267B-4C86-830B-D67E9AA16862}.Release|Any CPU.Build.0 = Release|Any CPU
		{A647B009-D220-428E-95D5-42DCB5B60E8A}.Debug|Any CPU.ActiveCfg = Debug|Any CPU
		{A647B009-D220-428E-95D5-42DCB5B60E8A}.Debug|Any CPU.Build.0 = Debug|Any CPU
		{A647B009-D220-428E-95D5-42DCB5B60E8A}.Release|Any CPU.ActiveCfg = Release|Any CPU
		{A647B009-D220-428E-95D5-42DCB5B60E8A}.Release|Any CPU.Build.0 = Release|Any CPU
		{897513F2-628B-4438-8DDE-CDA424BDC692}.Debug|Any CPU.ActiveCfg = Debug|Any CPU
		{897513F2-628B-4438-8DDE-CDA424BDC692}.Debug|Any CPU.Build.0 = Debug|Any CPU
		{897513F2-628B-4438-8DDE-CDA424BDC692}.Release|Any CPU.ActiveCfg = Release|Any CPU
		{897513F2-628B-4438-8DDE-CDA424BDC692}.Release|Any CPU.Build.0 = Release|Any CPU
		{B6A54F1B-064B-436D-92FC-8D6831DE50AE}.Debug|Any CPU.ActiveCfg = Debug|Any CPU
		{B6A54F1B-064B-436D-92FC-8D6831DE50AE}.Debug|Any CPU.Build.0 = Debug|Any CPU
		{B6A54F1B-064B-436D-92FC-8D6831DE50AE}.Release|Any CPU.ActiveCfg = Release|Any CPU
		{B6A54F1B-064B-436D-92FC-8D6831DE50AE}.Release|Any CPU.Build.0 = Release|Any CPU
		{A853ED0B-8C7D-488B-9A73-C5DB3F3CD4E8}.Debug|Any CPU.ActiveCfg = Debug|Any CPU
		{A853ED0B-8C7D-488B-9A73-C5DB3F3CD4E8}.Debug|Any CPU.Build.0 = Debug|Any CPU
		{A853ED0B-8C7D-488B-9A73-C5DB3F3CD4E8}.Release|Any CPU.ActiveCfg = Release|Any CPU
		{A853ED0B-8C7D-488B-9A73-C5DB3F3CD4E8}.Release|Any CPU.Build.0 = Release|Any CPU
	EndGlobalSection
	GlobalSection(SolutionProperties) = preSolution
		HideSolutionNode = FALSE
	EndGlobalSection
	GlobalSection(ExtensibilityGlobals) = postSolution
		SolutionGuid = {2E667A3D-E8CC-420D-9846-425AD9A726F6}
	EndGlobalSection
EndGlobal
